
Microsoft Visual Studio Solution File, Format Version 12.00
# Visual Studio 14
VisualStudioVersion = 14.0.25123.0
MinimumVisualStudioVersion = 10.0.40219.1
Project("{FAE04EC0-301F-11D3-BF4B-00C04F79EFBC}") = "AzureRestApi", "AzureRestApi\AzureRestApi.csproj", "{9B0E1396-C4A3-4F32-A66C-268A8A04ABB2}"
EndProject
Project("{FAE04EC0-301F-11D3-BF4B-00C04F79EFBC}") = "DependencyInjection", "DependencyInjection\DependencyInjection.csproj", "{4EB60DB8-9494-4FF0-A964-7C14998588E4}"
EndProject
Global
	GlobalSection(SolutionConfigurationPlatforms) = preSolution
		Debug|Any CPU = Debug|Any CPU
		Release|Any CPU = Release|Any CPU
	EndGlobalSection
	GlobalSection(ProjectConfigurationPlatforms) = postSolution
		{9B0E1396-C4A3-4F32-A66C-268A8A04ABB2}.Debug|Any CPU.ActiveCfg = Debug|Any CPU
		{9B0E1396-C4A3-4F32-A66C-268A8A04ABB2}.Debug|Any CPU.Build.0 = Debug|Any CPU
		{9B0E1396-C4A3-4F32-A66C-268A8A04ABB2}.Release|Any CPU.ActiveCfg = Release|Any CPU
		{9B0E1396-C4A3-4F32-A66C-268A8A04ABB2}.Release|Any CPU.Build.0 = Release|Any CPU
		{4EB60DB8-9494-4FF0-A964-7C14998588E4}.Debug|Any CPU.ActiveCfg = Debug|Any CPU
		{4EB60DB8-9494-4FF0-A964-7C14998588E4}.Debug|Any CPU.Build.0 = Debug|Any CPU
		{4EB60DB8-9494-4FF0-A964-7C14998588E4}.Release|Any CPU.ActiveCfg = Release|Any CPU
		{4EB60DB8-9494-4FF0-A964-7C14998588E4}.Release|Any CPU.Build.0 = Release|Any CPU
	EndGlobalSection
	GlobalSection(SolutionProperties) = preSolution
		HideSolutionNode = FALSE
	EndGlobalSection
EndGlobal
